{
  "name": "collaborative-todo-list",
  "version": "1.0.0",
  "lockfileVersion": 3,
  "requires": true,
  "packages": {
    "": {
      "name": "collaborative-todo-list",
      "version": "1.0.0",
      "dependencies": {
        "@electron/remote": "^2.0.12",
        "electron": "^29.3.1",
        "firebase": "^10.7.2"
      }
    },
    "node_modules/@electron/get": {
      "version": "2.0.3",
      "license": "MIT",
      "dependencies": {
        "debug": "^4.1.1",
        "env-paths": "^2.2.0",
        "fs-extra": "^8.1.0",
        "got": "^11.8.5",
        "progress": "^2.0.3",
        "semver": "^6.2.0",
        "sumchecker": "^3.0.1"
      },
      "engines": {
        "node": ">=12"
      },
      "optionalDependencies": {
        "global-agent": "^3.0.0"
      }
    },
    "node_modules/@electron/remote": {
      "version": "2.1.2",
      "license": "MIT",
      "peerDependencies": {
        "electron": ">= 13.0.0"
      }
    },
    "node_modules/@firebase/analytics": {
      "version": "0.10.8",
      "license": "Apache-2.0",
      "dependencies": {
        "@firebase/component": "0.6.9",
        "@firebase/installations": "0.6.9",
        "@firebase/logger": "0.4.2",
        "@firebase/util": "1.10.0",
        "tslib": "^2.1.0"
      },
      "peerDependencies": {
        "@firebase/app": "0.x"
      }
    },
    "node_modules/@firebase/analytics-compat": {
      "version": "0.2.14",
      "license": "Apache-2.0",
      "dependencies": {
        "@firebase/analytics": "0.10.8",
        "@firebase/analytics-types": "0.8.2",
        "@firebase/component": "0.6.9",
        "@firebase/util": "1.10.0",
        "tslib": "^2.1.0"
      },
      "peerDependencies": {
        "@firebase/app-compat": "0.x"
      }
    },
    "node_modules/@firebase/analytics-types": {
      "version": "0.8.2",
      "license": "Apache-2.0"
    },
    "node_modules/@firebase/app": {
      "version": "0.10.13",
      "license": "Apache-2.0",
      "dependencies": {
        "@firebase/component": "0.6.9",
        "@firebase/logger": "0.4.2",
        "@firebase/util": "1.10.0",
        "idb": "7.1.1",
        "tslib": "^2.1.0"
      }
    },
    "node_modules/@firebase/app-check": {
      "version": "0.8.8",
      "license": "Apache-2.0",
      "dependencies": {
        "@firebase/component": "0.6.9",
        "@firebase/logger": "0.4.2",
        "@firebase/util": "1.10.0",
        "tslib": "^2.1.0"
      },
      "peerDependencies": {
        "@firebase/app": "0.x"
      }
    },
    "node_modules/@firebase/app-check-compat": {
      "version": "0.3.15",
      "license": "Apache-2.0",
      "dependencies": {
        "@firebase/app-check": "0.8.8",
        "@firebase/app-check-types": "0.5.2",
        "@firebase/component": "0.6.9",
        "@firebase/logger": "0.4.2",
        "@firebase/util": "1.10.0",
        "tslib": "^2.1.0"
      },
      "peerDependencies": {
        "@firebase/app-compat": "0.x"
      }
    },
    "node_modules/@firebase/app-check-interop-types": {
      "version": "0.3.2",
      "license": "Apache-2.0"
    },
    "node_modules/@firebase/app-check-types": {
      "version": "0.5.2",
      "license": "Apache-2.0"
    },
    "node_modules/@firebase/app-compat": {
      "version": "0.2.43",
      "license": "Apache-2.0",
      "dependencies": {
        "@firebase/app": "0.10.13",
        "@firebase/component": "0.6.9",
        "@firebase/logger": "0.4.2",
        "@firebase/util": "1.10.0",
        "tslib": "^2.1.0"
      }
    },
    "node_modules/@firebase/app-types": {
      "version": "0.9.2",
      "license": "Apache-2.0"
    },
    "node_modules/@firebase/auth": {
      "version": "1.7.9",
      "license": "Apache-2.0",
      "dependencies": {
        "@firebase/component": "0.6.9",
        "@firebase/logger": "0.4.2",
        "@firebase/util": "1.10.0",
        "tslib": "^2.1.0",
        "undici": "6.19.7"
      },
      "peerDependencies": {
        "@firebase/app": "0.x",
        "@react-native-async-storage/async-storage": "^1.18.1"
      },
      "peerDependenciesMeta": {
        "@react-native-async-storage/async-storage": {
          "optional": true
        }
      }
    },
    "node_modules/@firebase/auth-compat": {
      "version": "0.5.14",
      "license": "Apache-2.0",
      "dependencies": {
        "@firebase/auth": "1.7.9",
        "@firebase/auth-types": "0.12.2",
        "@firebase/component": "0.6.9",
        "@firebase/util": "1.10.0",
        "tslib": "^2.1.0",
        "undici": "6.19.7"
      },
      "peerDependencies": {
        "@firebase/app-compat": "0.x"
      }
    },
    "node_modules/@firebase/auth-interop-types": {
      "version": "0.2.3",
      "license": "Apache-2.0"
    },
    "node_modules/@firebase/auth-types": {
      "version": "0.12.2",
      "license": "Apache-2.0",
      "peerDependencies": {
        "@firebase/app-types": "0.x",
        "@firebase/util": "1.x"
      }
    },
    "node_modules/@firebase/component": {
      "version": "0.6.9",
      "license": "Apache-2.0",
      "dependencies": {
        "@firebase/util": "1.10.0",
        "tslib": "^2.1.0"
      }
    },
    "node_modules/@firebase/data-connect": {
      "version": "0.1.0",
      "license": "Apache-2.0",
      "dependencies": {
        "@firebase/auth-interop-types": "0.2.3",
        "@firebase/component": "0.6.9",
        "@firebase/logger": "0.4.2",
        "@firebase/util": "1.10.0",
        "tslib": "^2.1.0"
      },
      "peerDependencies": {
        "@firebase/app": "0.x"
      }
    },
    "node_modules/@firebase/database": {
      "version": "1.0.8",
      "license": "Apache-2.0",
      "dependencies": {
        "@firebase/app-check-interop-types": "0.3.2",
        "@firebase/auth-interop-types": "0.2.3",
        "@firebase/component": "0.6.9",
        "@firebase/logger": "0.4.2",
        "@firebase/util": "1.10.0",
        "faye-websocket": "0.11.4",
        "tslib": "^2.1.0"
      }
    },
    "node_modules/@firebase/database-compat": {
      "version": "1.0.8",
      "license": "Apache-2.0",
      "dependencies": {
        "@firebase/component": "0.6.9",
        "@firebase/database": "1.0.8",
        "@firebase/database-types": "1.0.5",
        "@firebase/logger": "0.4.2",
        "@firebase/util": "1.10.0",
        "tslib": "^2.1.0"
      }
    },
    "node_modules/@firebase/database-types": {
      "version": "1.0.5",
      "license": "Apache-2.0",
      "dependencies": {
        "@firebase/app-types": "0.9.2",
        "@firebase/util": "1.10.0"
      }
    },
    "node_modules/@firebase/firestore": {
      "version": "4.7.3",
      "license": "Apache-2.0",
      "dependencies": {
        "@firebase/component": "0.6.9",
        "@firebase/logger": "0.4.2",
        "@firebase/util": "1.10.0",
        "@firebase/webchannel-wrapper": "1.0.1",
        "@grpc/grpc-js": "~1.9.0",
        "@grpc/proto-loader": "^0.7.8",
        "tslib": "^2.1.0",
        "undici": "6.19.7"
      },
      "engines": {
        "node": ">=10.10.0"
      },
      "peerDependencies": {
        "@firebase/app": "0.x"
      }
    },
    "node_modules/@firebase/firestore-compat": {
      "version": "0.3.38",
      "license": "Apache-2.0",
      "dependencies": {
        "@firebase/component": "0.6.9",
        "@firebase/firestore": "4.7.3",
        "@firebase/firestore-types": "3.0.2",
        "@firebase/util": "1.10.0",
        "tslib": "^2.1.0"
      },
      "peerDependencies": {
        "@firebase/app-compat": "0.x"
      }
    },
    "node_modules/@firebase/firestore-types": {
      "version": "3.0.2",
      "license": "Apache-2.0",
      "peerDependencies": {
        "@firebase/app-types": "0.x",
        "@firebase/util": "1.x"
      }
    },
    "node_modules/@firebase/functions": {
      "version": "0.11.8",
      "license": "Apache-2.0",
      "dependencies": {
        "@firebase/app-check-interop-types": "0.3.2",
        "@firebase/auth-interop-types": "0.2.3",
        "@firebase/component": "0.6.9",
        "@firebase/messaging-interop-types": "0.2.2",
        "@firebase/util": "1.10.0",
        "tslib": "^2.1.0",
        "undici": "6.19.7"
      },
      "peerDependencies": {
        "@firebase/app": "0.x"
      }
    },
    "node_modules/@firebase/functions-compat": {
      "version": "0.3.14",
      "license": "Apache-2.0",
      "dependencies": {
        "@firebase/component": "0.6.9",
        "@firebase/functions": "0.11.8",
        "@firebase/functions-types": "0.6.2",
        "@firebase/util": "1.10.0",
        "tslib": "^2.1.0"
      },
      "peerDependencies": {
        "@firebase/app-compat": "0.x"
      }
    },
    "node_modules/@firebase/functions-types": {
      "version": "0.6.2",
      "license": "Apache-2.0"
    },
    "node_modules/@firebase/installations": {
      "version": "0.6.9",
      "license": "Apache-2.0",
      "dependencies": {
        "@firebase/component": "0.6.9",
        "@firebase/util": "1.10.0",
        "idb": "7.1.1",
        "tslib": "^2.1.0"
      },
      "peerDependencies": {
        "@firebase/app": "0.x"
      }
    },
    "node_modules/@firebase/installations-compat": {
      "version": "0.2.9",
      "license": "Apache-2.0",
      "dependencies": {
        "@firebase/component": "0.6.9",
        "@firebase/installations": "0.6.9",
        "@firebase/installations-types": "0.5.2",
        "@firebase/util": "1.10.0",
        "tslib": "^2.1.0"
      },
      "peerDependencies": {
        "@firebase/app-compat": "0.x"
      }
    },
    "node_modules/@firebase/installations-types": {
      "version": "0.5.2",
      "license": "Apache-2.0",
      "peerDependencies": {
        "@firebase/app-types": "0.x"
      }
    },
    "node_modules/@firebase/logger": {
      "version": "0.4.2",
      "license": "Apache-2.0",
      "dependencies": {
        "tslib": "^2.1.0"
      }
    },
    "node_modules/@firebase/messaging": {
      "version": "0.12.12",
      "license": "Apache-2.0",
      "dependencies": {
        "@firebase/component": "0.6.9",
        "@firebase/installations": "0.6.9",
        "@firebase/messaging-interop-types": "0.2.2",
        "@firebase/util": "1.10.0",
        "idb": "7.1.1",
        "tslib": "^2.1.0"
      },
      "peerDependencies": {
        "@firebase/app": "0.x"
      }
    },
    "node_modules/@firebase/messaging-compat": {
      "version": "0.2.12",
      "license": "Apache-2.0",
      "dependencies": {
        "@firebase/component": "0.6.9",
        "@firebase/messaging": "0.12.12",
        "@firebase/util": "1.10.0",
        "tslib": "^2.1.0"
      },
      "peerDependencies": {
        "@firebase/app-compat": "0.x"
      }
    },
    "node_modules/@firebase/messaging-interop-types": {
      "version": "0.2.2",
      "license": "Apache-2.0"
    },
    "node_modules/@firebase/performance": {
      "version": "0.6.9",
      "license": "Apache-2.0",
      "dependencies": {
        "@firebase/component": "0.6.9",
        "@firebase/installations": "0.6.9",
        "@firebase/logger": "0.4.2",
        "@firebase/util": "1.10.0",
        "tslib": "^2.1.0"
      },
      "peerDependencies": {
        "@firebase/app": "0.x"
      }
    },
    "node_modules/@firebase/performance-compat": {
      "version": "0.2.9",
      "license": "Apache-2.0",
      "dependencies": {
        "@firebase/component": "0.6.9",
        "@firebase/logger": "0.4.2",
        "@firebase/performance": "0.6.9",
        "@firebase/performance-types": "0.2.2",
        "@firebase/util": "1.10.0",
        "tslib": "^2.1.0"
      },
      "peerDependencies": {
        "@firebase/app-compat": "0.x"
      }
    },
    "node_modules/@firebase/performance-types": {
      "version": "0.2.2",
      "license": "Apache-2.0"
    },
    "node_modules/@firebase/remote-config": {
      "version": "0.4.9",
      "license": "Apache-2.0",
      "dependencies": {
        "@firebase/component": "0.6.9",
        "@firebase/installations": "0.6.9",
        "@firebase/logger": "0.4.2",
        "@firebase/util": "1.10.0",
        "tslib": "^2.1.0"
      },
      "peerDependencies": {
        "@firebase/app": "0.x"
      }
    },
    "node_modules/@firebase/remote-config-compat": {
      "version": "0.2.9",
      "license": "Apache-2.0",
      "dependencies": {
        "@firebase/component": "0.6.9",
        "@firebase/logger": "0.4.2",
        "@firebase/remote-config": "0.4.9",
        "@firebase/remote-config-types": "0.3.2",
        "@firebase/util": "1.10.0",
        "tslib": "^2.1.0"
      },
      "peerDependencies": {
        "@firebase/app-compat": "0.x"
      }
    },
    "node_modules/@firebase/remote-config-types": {
      "version": "0.3.2",
      "license": "Apache-2.0"
    },
    "node_modules/@firebase/storage": {
      "version": "0.13.2",
      "license": "Apache-2.0",
      "dependencies": {
        "@firebase/component": "0.6.9",
        "@firebase/util": "1.10.0",
        "tslib": "^2.1.0",
        "undici": "6.19.7"
      },
      "peerDependencies": {
        "@firebase/app": "0.x"
      }
    },
    "node_modules/@firebase/storage-compat": {
      "version": "0.3.12",
      "license": "Apache-2.0",
      "dependencies": {
        "@firebase/component": "0.6.9",
        "@firebase/storage": "0.13.2",
        "@firebase/storage-types": "0.8.2",
        "@firebase/util": "1.10.0",
        "tslib": "^2.1.0"
      },
      "peerDependencies": {
        "@firebase/app-compat": "0.x"
      }
    },
    "node_modules/@firebase/storage-types": {
      "version": "0.8.2",
      "license": "Apache-2.0",
      "peerDependencies": {
        "@firebase/app-types": "0.x",
        "@firebase/util": "1.x"
      }
    },
    "node_modules/@firebase/util": {
      "version": "1.10.0",
      "license": "Apache-2.0",
      "dependencies": {
        "tslib": "^2.1.0"
      }
    },
    "node_modules/@firebase/vertexai-preview": {
      "version": "0.0.4",
      "license": "Apache-2.0",
      "dependencies": {
        "@firebase/app-check-interop-types": "0.3.2",
        "@firebase/component": "0.6.9",
        "@firebase/logger": "0.4.2",
        "@firebase/util": "1.10.0",
        "tslib": "^2.1.0"
      },
      "engines": {
        "node": ">=18.0.0"
      },
      "peerDependencies": {
        "@firebase/app": "0.x",
        "@firebase/app-types": "0.x"
      }
    },
    "node_modules/@firebase/webchannel-wrapper": {
      "version": "1.0.1",
      "license": "Apache-2.0"
    },
    "node_modules/@grpc/grpc-js": {
      "version": "1.9.15",
      "license": "Apache-2.0",
      "dependencies": {
        "@grpc/proto-loader": "^0.7.8",
        "@types/node": ">=12.12.47"
      },
      "engines": {
        "node": "^8.13.0 || >=10.10.0"
      }
    },
    "node_modules/@grpc/proto-loader": {
      "version": "0.7.15",
      "license": "Apache-2.0",
      "dependencies": {
        "lodash.camelcase": "^4.3.0",
        "long": "^5.0.0",
        "protobufjs": "^7.2.5",
        "yargs": "^17.7.2"
      },
      "bin": {
        "proto-loader-gen-types": "build/bin/proto-loader-gen-types.js"
      },
      "engines": {
        "node": ">=6"
      }
    },
    "node_modules/@protobufjs/aspromise": {
      "version": "1.1.2",
      "license": "BSD-3-Clause"
    },
    "node_modules/@protobufjs/base64": {
      "version": "1.1.2",
      "license": "BSD-3-Clause"
    },
    "node_modules/@protobufjs/codegen": {
      "version": "2.0.4",
      "license": "BSD-3-Clause"
    },
    "node_modules/@protobufjs/eventemitter": {
      "version": "1.1.0",
      "license": "BSD-3-Clause"
    },
    "node_modules/@protobufjs/fetch": {
      "version": "1.1.0",
      "license": "BSD-3-Clause",
      "dependencies": {
        "@protobufjs/aspromise": "^1.1.1",
        "@protobufjs/inquire": "^1.1.0"
      }
    },
    "node_modules/@protobufjs/float": {
      "version": "1.0.2",
      "license": "BSD-3-Clause"
    },
    "node_modules/@protobufjs/inquire": {
      "version": "1.1.0",
      "license": "BSD-3-Clause"
    },
    "node_modules/@protobufjs/path": {
      "version": "1.1.2",
      "license": "BSD-3-Clause"
    },
    "node_modules/@protobufjs/pool": {
      "version": "1.1.0",
      "license": "BSD-3-Clause"
    },
    "node_modules/@protobufjs/utf8": {
      "version": "1.1.0",
      "license": "BSD-3-Clause"
    },
    "node_modules/@sindresorhus/is": {
      "version": "4.6.0",
      "license": "MIT",
      "engines": {
        "node": ">=10"
      },
      "funding": {
        "url": "https://github.com/sindresorhus/is?sponsor=1"
      }
    },
    "node_modules/@szmarczak/http-timer": {
      "version": "4.0.6",
      "license": "MIT",
      "dependencies": {
        "defer-to-connect": "^2.0.0"
      },
      "engines": {
        "node": ">=10"
      }
    },
    "node_modules/@types/cacheable-request": {
      "version": "6.0.3",
      "license": "MIT",
      "dependencies": {
        "@types/http-cache-semantics": "*",
        "@types/keyv": "^3.1.4",
        "@types/node": "*",
        "@types/responselike": "^1.0.0"
      }
    },
    "node_modules/@types/http-cache-semantics": {
      "version": "4.0.4",
      "license": "MIT"
    },
    "node_modules/@types/keyv": {
      "version": "3.1.4",
      "license": "MIT",
      "dependencies": {
        "@types/node": "*"
      }
    },
    "node_modules/@types/node": {
      "version": "22.15.29",
      "license": "MIT",
      "dependencies": {
        "undici-types": "~6.21.0"
      }
    },
    "node_modules/@types/responselike": {
      "version": "1.0.3",
      "license": "MIT",
      "dependencies": {
        "@types/node": "*"
      }
    },
    "node_modules/@types/yauzl": {
      "version": "2.10.3",
      "license": "MIT",
      "optional": true,
      "dependencies": {
        "@types/node": "*"
      }
    },
    "node_modules/ansi-regex": {
      "version": "5.0.1",
      "license": "MIT",
      "engines": {
        "node": ">=8"
      }
    },
    "node_modules/ansi-styles": {
      "version": "4.3.0",
      "license": "MIT",
      "dependencies": {
        "color-convert": "^2.0.1"
      },
      "engines": {
        "node": ">=8"
      },
      "funding": {
        "url": "https://github.com/chalk/ansi-styles?sponsor=1"
      }
    },
    "node_modules/boolean": {
      "version": "3.2.0",
      "license": "MIT",
      "optional": true
    },
    "node_modules/buffer-crc32": {
      "version": "0.2.13",
      "license": "MIT",
      "engines": {
        "node": "*"
      }
    },
    "node_modules/cacheable-lookup": {
      "version": "5.0.4",
      "license": "MIT",
      "engines": {
        "node": ">=10.6.0"
      }
    },
    "node_modules/cacheable-request": {
      "version": "7.0.4",
      "license": "MIT",
      "dependencies": {
        "clone-response": "^1.0.2",
        "get-stream": "^5.1.0",
        "http-cache-semantics": "^4.0.0",
        "keyv": "^4.0.0",
        "lowercase-keys": "^2.0.0",
        "normalize-url": "^6.0.1",
        "responselike": "^2.0.0"
      },
      "engines": {
        "node": ">=8"
      }
    },
    "node_modules/cliui": {
      "version": "8.0.1",
      "license": "ISC",
      "dependencies": {
        "string-width": "^4.2.0",
        "strip-ansi": "^6.0.1",
        "wrap-ansi": "^7.0.0"
      },
      "engines": {
        "node": ">=12"
      }
    },
    "node_modules/clone-response": {
      "version": "1.0.3",
      "license": "MIT",
      "dependencies": {
        "mimic-response": "^1.0.0"
      },
      "funding": {
        "url": "https://github.com/sponsors/sindresorhus"
      }
    },
    "node_modules/color-convert": {
      "version": "2.0.1",
      "license": "MIT",
      "dependencies": {
        "color-name": "~1.1.4"
      },
      "engines": {
        "node": ">=7.0.0"
      }
    },
    "node_modules/color-name": {
      "version": "1.1.4",
      "license": "MIT"
    },
    "node_modules/debug": {
      "version": "4.4.1",
      "license": "MIT",
      "dependencies": {
        "ms": "^2.1.3"
      },
      "engines": {
        "node": ">=6.0"
      },
      "peerDependenciesMeta": {
        "supports-color": {
          "optional": true
        }
      }
    },
    "node_modules/decompress-response": {
      "version": "6.0.0",
      "license": "MIT",
      "dependencies": {
        "mimic-response": "^3.1.0"
      },
      "engines": {
        "node": ">=10"
      },
      "funding": {
        "url": "https://github.com/sponsors/sindresorhus"
      }
    },
    "node_modules/decompress-response/node_modules/mimic-response": {
      "version": "3.1.0",
      "license": "MIT",
      "engines": {
        "node": ">=10"
      },
      "funding": {
        "url": "https://github.com/sponsors/sindresorhus"
      }
    },
    "node_modules/defer-to-connect": {
      "version": "2.0.1",
      "license": "MIT",
      "engines": {
        "node": ">=10"
      }
    },
    "node_modules/define-data-property": {
      "version": "1.1.4",
      "license": "MIT",
      "optional": true,
      "dependencies": {
        "es-define-property": "^1.0.0",
        "es-errors": "^1.3.0",
        "gopd": "^1.0.1"
      },
      "engines": {
        "node": ">= 0.4"
      },
      "funding": {
        "url": "https://github.com/sponsors/ljharb"
      }
    },
    "node_modules/define-properties": {
      "version": "1.2.1",
      "license": "MIT",
      "optional": true,
      "dependencies": {
        "define-data-property": "^1.0.1",
        "has-property-descriptors": "^1.0.0",
        "object-keys": "^1.1.1"
      },
      "engines": {
        "node": ">= 0.4"
      },
      "funding": {
        "url": "https://github.com/sponsors/ljharb"
      }
    },
    "node_modules/detect-node": {
      "version": "2.1.0",
      "license": "MIT",
      "optional": true
    },
    "node_modules/electron": {
      "version": "29.4.6",
      "hasInstallScript": true,
      "license": "MIT",
      "dependencies": {
        "@electron/get": "^2.0.0",
        "@types/node": "^20.9.0",
        "extract-zip": "^2.0.1"
      },
      "bin": {
        "electron": "cli.js"
      },
      "engines": {
        "node": ">= 12.20.55"
      }
    },
    "node_modules/electron/node_modules/@types/node": {
      "version": "20.19.0",
      "license": "MIT",
      "dependencies": {
        "undici-types": "~6.21.0"
      }
    },
    "node_modules/emoji-regex": {
      "version": "8.0.0",
      "license": "MIT"
    },
    "node_modules/end-of-stream": {
      "version": "1.4.4",
      "license": "MIT",
      "dependencies": {
        "once": "^1.4.0"
      }
    },
    "node_modules/env-paths": {
      "version": "2.2.1",
      "license": "MIT",
      "engines": {
        "node": ">=6"
      }
    },
    "node_modules/es-define-property": {
      "version": "1.0.1",
      "license": "MIT",
      "optional": true,
      "engines": {
        "node": ">= 0.4"
      }
    },
    "node_modules/es-errors": {
      "version": "1.3.0",
      "license": "MIT",
      "optional": true,
      "engines": {
        "node": ">= 0.4"
      }
    },
    "node_modules/es6-error": {
      "version": "4.1.1",
      "license": "MIT",
      "optional": true
    },
    "node_modules/escalade": {
      "version": "3.2.0",
      "license": "MIT",
      "engines": {
        "node": ">=6"
      }
    },
    "node_modules/escape-string-regexp": {
      "version": "4.0.0",
      "license": "MIT",
      "optional": true,
      "engines": {
        "node": ">=10"
      },
      "funding": {
        "url": "https://github.com/sponsors/sindresorhus"
      }
    },
    "node_modules/extract-zip": {
      "version": "2.0.1",
      "license": "BSD-2-Clause",
      "dependencies": {
        "debug": "^4.1.1",
        "get-stream": "^5.1.0",
        "yauzl": "^2.10.0"
      },
      "bin": {
        "extract-zip": "cli.js"
      },
      "engines": {
        "node": ">= 10.17.0"
      },
      "optionalDependencies": {
        "@types/yauzl": "^2.9.1"
      }
    },
    "node_modules/faye-websocket": {
      "version": "0.11.4",
      "license": "Apache-2.0",
      "dependencies": {
        "websocket-driver": ">=0.5.1"
      },
      "engines": {
        "node": ">=0.8.0"
      }
    },
    "node_modules/fd-slicer": {
      "version": "1.1.0",
      "license": "MIT",
      "dependencies": {
        "pend": "~1.2.0"
      }
    },
    "node_modules/firebase": {
      "version": "10.14.1",
      "license": "Apache-2.0",
      "dependencies": {
        "@firebase/analytics": "0.10.8",
        "@firebase/analytics-compat": "0.2.14",
        "@firebase/app": "0.10.13",
        "@firebase/app-check": "0.8.8",
        "@firebase/app-check-compat": "0.3.15",
        "@firebase/app-compat": "0.2.43",
        "@firebase/app-types": "0.9.2",
        "@firebase/auth": "1.7.9",
        "@firebase/auth-compat": "0.5.14",
        "@firebase/data-connect": "0.1.0",
        "@firebase/database": "1.0.8",
        "@firebase/database-compat": "1.0.8",
        "@firebase/firestore": "4.7.3",
        "@firebase/firestore-compat": "0.3.38",
        "@firebase/functions": "0.11.8",
        "@firebase/functions-compat": "0.3.14",
        "@firebase/installations": "0.6.9",
        "@firebase/installations-compat": "0.2.9",
        "@firebase/messaging": "0.12.12",
        "@firebase/messaging-compat": "0.2.12",
        "@firebase/performance": "0.6.9",
        "@firebase/performance-compat": "0.2.9",
        "@firebase/remote-config": "0.4.9",
        "@firebase/remote-config-compat": "0.2.9",
        "@firebase/storage": "0.13.2",
        "@firebase/storage-compat": "0.3.12",
        "@firebase/util": "1.10.0",
        "@firebase/vertexai-preview": "0.0.4"
      }
    },
    "node_modules/fs-extra": {
      "version": "8.1.0",
      "license": "MIT",
      "dependencies": {
        "graceful-fs": "^4.2.0",
        "jsonfile": "^4.0.0",
        "universalify": "^0.1.0"
      },
      "engines": {
        "node": ">=6 <7 || >=8"
      }
    },
    "node_modules/get-caller-file": {
      "version": "2.0.5",
      "license": "ISC",
      "engines": {
        "node": "6.* || 8.* || >= 10.*"
      }
    },
    "node_modules/get-stream": {
      "version": "5.2.0",
      "license": "MIT",
      "dependencies": {
        "pump": "^3.0.0"
      },
      "engines": {
        "node": ">=8"
      },
      "funding": {
        "url": "https://github.com/sponsors/sindresorhus"
      }
    },
    "node_modules/global-agent": {
      "version": "3.0.0",
      "license": "BSD-3-Clause",
      "optional": true,
      "dependencies": {
        "boolean": "^3.0.1",
        "es6-error": "^4.1.1",
        "matcher": "^3.0.0",
        "roarr": "^2.15.3",
        "semver": "^7.3.2",
        "serialize-error": "^7.0.1"
      },
      "engines": {
        "node": ">=10.0"
      }
    },
    "node_modules/global-agent/node_modules/semver": {
      "version": "7.7.2",
      "license": "ISC",
      "optional": true,
      "bin": {
        "semver": "bin/semver.js"
      },
      "engines": {
        "node": ">=10"
      }
    },
    "node_modules/globalthis": {
      "version": "1.0.4",
      "license": "MIT",
      "optional": true,
      "dependencies": {
        "define-properties": "^1.2.1",
        "gopd": "^1.0.1"
      },
      "engines": {
        "node": ">= 0.4"
      },
      "funding": {
        "url": "https://github.com/sponsors/ljharb"
      }
    },
    "node_modules/gopd": {
      "version": "1.2.0",
      "license": "MIT",
      "optional": true,
      "engines": {
        "node": ">= 0.4"
      },
      "funding": {
        "url": "https://github.com/sponsors/ljharb"
      }
    },
    "node_modules/got": {
      "version": "11.8.6",
      "license": "MIT",
      "dependencies": {
        "@sindresorhus/is": "^4.0.0",
        "@szmarczak/http-timer": "^4.0.5",
        "@types/cacheable-request": "^6.0.1",
        "@types/responselike": "^1.0.0",
        "cacheable-lookup": "^5.0.3",
        "cacheable-request": "^7.0.2",
        "decompress-response": "^6.0.0",
        "http2-wrapper": "^1.0.0-beta.5.2",
        "lowercase-keys": "^2.0.0",
        "p-cancelable": "^2.0.0",
        "responselike": "^2.0.0"
      },
      "engines": {
        "node": ">=10.19.0"
      },
      "funding": {
        "url": "https://github.com/sindresorhus/got?sponsor=1"
      }
    },
    "node_modules/graceful-fs": {
      "version": "4.2.11",
      "license": "ISC"
    },
    "node_modules/has-property-descriptors": {
      "version": "1.0.2",
      "license": "MIT",
      "optional": true,
      "dependencies": {
        "es-define-property": "^1.0.0"
      },
      "funding": {
        "url": "https://github.com/sponsors/ljharb"
      }
    },
    "node_modules/http-cache-semantics": {
      "version": "4.2.0",
      "license": "BSD-2-Clause"
    },
    "node_modules/http-parser-js": {
      "version": "0.5.10",
      "license": "MIT"
    },
    "node_modules/http2-wrapper": {
      "version": "1.0.3",
      "license": "MIT",
      "dependencies": {
        "quick-lru": "^5.1.1",
        "resolve-alpn": "^1.0.0"
      },
      "engines": {
        "node": ">=10.19.0"
      }
    },
    "node_modules/idb": {
      "version": "7.1.1",
      "license": "ISC"
    },
    "node_modules/is-fullwidth-code-point": {
      "version": "3.0.0",
      "license": "MIT",
      "engines": {
        "node": ">=8"
      }
    },
    "node_modules/json-buffer": {
      "version": "3.0.1",
      "license": "MIT"
    },
    "node_modules/json-stringify-safe": {
      "version": "5.0.1",
      "license": "ISC",
      "optional": true
    },
    "node_modules/jsonfile": {
      "version": "4.0.0",
      "license": "MIT",
      "optionalDependencies": {
        "graceful-fs": "^4.1.6"
      }
    },
    "node_modules/keyv": {
      "version": "4.5.4",
      "license": "MIT",
      "dependencies": {
        "json-buffer": "3.0.1"
      }
    },
    "node_modules/lodash.camelcase": {
      "version": "4.3.0",
      "license": "MIT"
    },
    "node_modules/long": {
      "version": "5.3.2",
      "license": "Apache-2.0"
    },
    "node_modules/lowercase-keys": {
      "version": "2.0.0",
      "license": "MIT",
      "engines": {
        "node": ">=8"
      }
    },
    "node_modules/matcher": {
      "version": "3.0.0",
      "license": "MIT",
      "optional": true,
      "dependencies": {
        "escape-string-regexp": "^4.0.0"
      },
      "engines": {
        "node": ">=10"
      }
    },
    "node_modules/mimic-response": {
      "version": "1.0.1",
      "license": "MIT",
      "engines": {
        "node": ">=4"
      }
    },
    "node_modules/ms": {
      "version": "2.1.3",
      "license": "MIT"
    },
    "node_modules/normalize-url": {
      "version": "6.1.0",
      "license": "MIT",
      "engines": {
        "node": ">=10"
      },
      "funding": {
        "url": "https://github.com/sponsors/sindresorhus"
      }
    },
    "node_modules/object-keys": {
      "version": "1.1.1",
      "license": "MIT",
      "optional": true,
      "engines": {
        "node": ">= 0.4"
      }
    },
    "node_modules/once": {
      "version": "1.4.0",
      "license": "ISC",
      "dependencies": {
        "wrappy": "1"
      }
    },
    "node_modules/p-cancelable": {
      "version": "2.1.1",
      "license": "MIT",
      "engines": {
        "node": ">=8"
      }
    },
    "node_modules/pend": {
      "version": "1.2.0",
      "license": "MIT"
    },
    "node_modules/progress": {
      "version": "2.0.3",
      "license": "MIT",
      "engines": {
        "node": ">=0.4.0"
      }
    },
    "node_modules/protobufjs": {
      "version": "7.5.3",
      "hasInstallScript": true,
      "license": "BSD-3-Clause",
      "dependencies": {
        "@protobufjs/aspromise": "^1.1.2",
        "@protobufjs/base64": "^1.1.2",
        "@protobufjs/codegen": "^2.0.4",
        "@protobufjs/eventemitter": "^1.1.0",
        "@protobufjs/fetch": "^1.1.0",
        "@protobufjs/float": "^1.0.2",
        "@protobufjs/inquire": "^1.1.0",
        "@protobufjs/path": "^1.1.2",
        "@protobufjs/pool": "^1.1.0",
        "@protobufjs/utf8": "^1.1.0",
        "@types/node": ">=13.7.0",
        "long": "^5.0.0"
      },
      "engines": {
        "node": ">=12.0.0"
      }
    },
    "node_modules/pump": {
      "version": "3.0.2",
      "license": "MIT",
      "dependencies": {
        "end-of-stream": "^1.1.0",
        "once": "^1.3.1"
      }
    },
    "node_modules/quick-lru": {
      "version": "5.1.1",
      "license": "MIT",
      "engines": {
        "node": ">=10"
      },
      "funding": {
        "url": "https://github.com/sponsors/sindresorhus"
      }
    },
    "node_modules/require-directory": {
      "version": "2.1.1",
      "license": "MIT",
      "engines": {
        "node": ">=0.10.0"
      }
    },
    "node_modules/resolve-alpn": {
      "version": "1.2.1",
      "license": "MIT"
    },
    "node_modules/responselike": {
      "version": "2.0.1",
      "license": "MIT",
      "dependencies": {
        "lowercase-keys": "^2.0.0"
      },
      "funding": {
        "url": "https://github.com/sponsors/sindresorhus"
      }
    },
    "node_modules/roarr": {
      "version": "2.15.4",
      "license": "BSD-3-Clause",
      "optional": true,
      "dependencies": {
        "boolean": "^3.0.1",
        "detect-node": "^2.0.4",
        "globalthis": "^1.0.1",
        "json-stringify-safe": "^5.0.1",
        "semver-compare": "^1.0.0",
        "sprintf-js": "^1.1.2"
      },
      "engines": {
        "node": ">=8.0"
      }
    },
    "node_modules/safe-buffer": {
      "version": "5.2.1",
      "funding": [
        {
          "type": "github",
          "url": "https://github.com/sponsors/feross"
        },
        {
          "type": "patreon",
          "url": "https://www.patreon.com/feross"
        },
        {
          "type": "consulting",
          "url": "https://feross.org/support"
        }
      ],
      "license": "MIT"
    },
    "node_modules/semver": {
      "version": "6.3.1",
      "license": "ISC",
      "bin": {
        "semver": "bin/semver.js"
      }
    },
    "node_modules/semver-compare": {
      "version": "1.0.0",
      "license": "MIT",
      "optional": true
    },
    "node_modules/serialize-error": {
      "version": "7.0.1",
      "license": "MIT",
      "optional": true,
      "dependencies": {
        "type-fest": "^0.13.1"
      },
      "engines": {
        "node": ">=10"
      },
      "funding": {
        "url": "https://github.com/sponsors/sindresorhus"
      }
    },
    "node_modules/sprintf-js": {
      "version": "1.1.3",
      "license": "BSD-3-Clause",
      "optional": true
    },
    "node_modules/string-width": {
      "version": "4.2.3",
      "license": "MIT",
      "dependencies": {
        "emoji-regex": "^8.0.0",
        "is-fullwidth-code-point": "^3.0.0",
        "strip-ansi": "^6.0.1"
      },
      "engines": {
        "node": ">=8"
      }
    },
    "node_modules/strip-ansi": {
      "version": "6.0.1",
      "license": "MIT",
      "dependencies": {
        "ansi-regex": "^5.0.1"
      },
      "engines": {
        "node": ">=8"
      }
    },
    "node_modules/sumchecker": {
      "version": "3.0.1",
      "license": "Apache-2.0",
      "dependencies": {
        "debug": "^4.1.0"
      },
      "engines": {
        "node": ">= 8.0"
      }
    },
    "node_modules/tslib": {
      "version": "2.8.1",
      "license": "0BSD"
    },
    "node_modules/type-fest": {
      "version": "0.13.1",
      "license": "(MIT OR CC0-1.0)",
      "optional": true,
      "engines": {
        "node": ">=10"
      },
      "funding": {
        "url": "https://github.com/sponsors/sindresorhus"
      }
    },
    "node_modules/undici": {
      "version": "6.19.7",
      "license": "MIT",
      "engines": {
        "node": ">=18.17"
      }
    },
    "node_modules/undici-types": {
      "version": "6.21.0",
      "license": "MIT"
    },
    "node_modules/universalify": {
      "version": "0.1.2",
      "license": "MIT",
      "engines": {
        "node": ">= 4.0.0"
      }
    },
    "node_modules/websocket-driver": {
      "version": "0.7.4",
      "license": "Apache-2.0",
      "dependencies": {
        "http-parser-js": ">=0.5.1",
        "safe-buffer": ">=5.1.0",
        "websocket-extensions": ">=0.1.1"
      },
      "engines": {
        "node": ">=0.8.0"
      }
    },
    "node_modules/websocket-extensions": {
      "version": "0.1.4",
      "license": "Apache-2.0",
      "engines": {
        "node": ">=0.8.0"
      }
    },
    "node_modules/wrap-ansi": {
      "version": "7.0.0",
      "license": "MIT",
      "dependencies": {
        "ansi-styles": "^4.0.0",
        "string-width": "^4.1.0",
        "strip-ansi": "^6.0.0"
      },
      "engines": {
        "node": ">=10"
      },
      "funding": {
        "url": "https://github.com/chalk/wrap-ansi?sponsor=1"
      }
    },
    "node_modules/wrappy": {
      "version": "1.0.2",
      "license": "ISC"
    },
    "node_modules/y18n": {
      "version": "5.0.8",
      "license": "ISC",
      "engines": {
        "node": ">=10"
      }
    },
    "node_modules/yargs": {
      "version": "17.7.2",
      "license": "MIT",
      "dependencies": {
        "cliui": "^8.0.1",
        "escalade": "^3.1.1",
        "get-caller-file": "^2.0.5",
        "require-directory": "^2.1.1",
        "string-width": "^4.2.3",
        "y18n": "^5.0.5",
        "yargs-parser": "^21.1.1"
      },
      "engines": {
        "node": ">=12"
      }
    },
    "node_modules/yargs-parser": {
      "version": "21.1.1",
      "license": "ISC",
      "engines": {
        "node": ">=12"
      }
    },
    "node_modules/yauzl": {
      "version": "2.10.0",
      "license": "MIT",
      "dependencies": {
        "buffer-crc32": "~0.2.3",
        "fd-slicer": "~1.1.0"
      }
    }
  }
}
